// !$*UTF8*$!
{
	archiveVersion = 1;
	classes = {
	};
	objectVersion = 46;
	objects = {

/* Begin PBXBuildFile section */
		32593C7619FAA9E4006F476C /* point.wav in Resources */ = {isa = PBXBuildFile; fileRef = 32593C7519FAA9E4006F476C /* point.wav */; };
		32AE491119F6FE8100B8A4E4 /* image#4.png in Resources */ = {isa = PBXBuildFile; fileRef = 32AE490619F6FE8100B8A4E4 /* image#4.png */; };
		32AE491219F6FE8100B8A4E4 /* image#5.png in Resources */ = {isa = PBXBuildFile; fileRef = 32AE490719F6FE8100B8A4E4 /* image#5.png */; };
		32AE491319F6FE8100B8A4E4 /* image#6.png in Resources */ = {isa = PBXBuildFile; fileRef = 32AE490819F6FE8100B8A4E4 /* image#6.png */; };
		32AE491419F6FE8100B8A4E4 /* image#7.png in Resources */ = {isa = PBXBuildFile; fileRef = 32AE490919F6FE8100B8A4E4 /* image#7.png */; };
		32AE491519F6FE8100B8A4E4 /* image#8.png in Resources */ = {isa = PBXBuildFile; fileRef = 32AE490A19F6FE8100B8A4E4 /* image#8.png */; };
		32AE491619F6FE8100B8A4E4 /* image#9.png in Resources */ = {isa = PBXBuildFile; fileRef = 32AE490B19F6FE8100B8A4E4 /* image#9.png */; };
		32AE491719F6FE8100B8A4E4 /* image#10.png in Resources */ = {isa = PBXBuildFile; fileRef = 32AE490C19F6FE8100B8A4E4 /* image#10.png */; };
		32AE491819F6FE8100B8A4E4 /* image#0.png in Resources */ = {isa = PBXBuildFile; fileRef = 32AE490D19F6FE8100B8A4E4 /* image#0.png */; };
		32AE491919F6FE8100B8A4E4 /* image#1.png in Resources */ = {isa = PBXBuildFile; fileRef = 32AE490E19F6FE8100B8A4E4 /* image#1.png */; };
		32AE491A19F6FE8100B8A4E4 /* image#2.png in Resources */ = {isa = PBXBuildFile; fileRef = 32AE490F19F6FE8100B8A4E4 /* image#2.png */; };
		32AE491B19F6FE8100B8A4E4 /* image#3.png in Resources */ = {isa = PBXBuildFile; fileRef = 32AE491019F6FE8100B8A4E4 /* image#3.png */; };
		32AE491D19F70BA000B8A4E4 /* CollisionGravity.swift in Sources */ = {isa = PBXBuildFile; fileRef = 32AE491C19F70BA000B8A4E4 /* CollisionGravity.swift */; };
		32AE491F19F7129E00B8A4E4 /* Attachments + Collision.swift in Sources */ = {isa = PBXBuildFile; fileRef = 32AE491E19F7129E00B8A4E4 /* Attachments + Collision.swift */; };
		32B6FAC419F6F87F002FC8B0 /* DemoGravity.swift in Sources */ = {isa = PBXBuildFile; fileRef = 32B6FAC319F6F87F002FC8B0 /* DemoGravity.swift */; };
		32D1DDFB19F1464D00DEAA20 /* DemoPanGravity.swift in Sources */ = {isa = PBXBuildFile; fileRef = 32D1DDFA19F1464D00DEAA20 /* DemoPanGravity.swift */; };
		32D1DDFE19F1480400DEAA20 /* bi0.png in Resources */ = {isa = PBXBuildFile; fileRef = 32D1DDFD19F1480400DEAA20 /* bi0.png */; };
		8762F45F198CD41000278F3B /* Gravity.swift in Sources */ = {isa = PBXBuildFile; fileRef = 8762F45E198CD41000278F3B /* Gravity.swift */; };
		8762F464198CD41000278F3B /* Images.xcassets in Resources */ = {isa = PBXBuildFile; fileRef = 8762F463198CD41000278F3B /* Images.xcassets */; };
		8762F470198CD41000278F3B /* DynamicsKitDemoTests.swift in Sources */ = {isa = PBXBuildFile; fileRef = 8762F46F198CD41000278F3B /* DynamicsKitDemoTests.swift */; };
		E20F689A19EE6C89009417B8 /* SimpleGravity.swift in Sources */ = {isa = PBXBuildFile; fileRef = E20F689919EE6C89009417B8 /* SimpleGravity.swift */; };
		E20F68A119EE80D1009417B8 /* AttachmentCollision.swift in Sources */ = {isa = PBXBuildFile; fileRef = E20F689F19EE80D1009417B8 /* AttachmentCollision.swift */; };
		E20F68A219EE80D1009417B8 /* AttachmentCollision.xib in Resources */ = {isa = PBXBuildFile; fileRef = E20F68A019EE80D1009417B8 /* AttachmentCollision.xib */; };
		E250DE7A19EE331B00BA07AC /* AppDelegate.swift in Sources */ = {isa = PBXBuildFile; fileRef = E250DE7619EE331B00BA07AC /* AppDelegate.swift */; };
		E250DE7B19EE331B00BA07AC /* BootLogic.swift in Sources */ = {isa = PBXBuildFile; fileRef = E250DE7719EE331B00BA07AC /* BootLogic.swift */; };
		E250DE7C19EE331B00BA07AC /* ConsoleScreen.swift in Sources */ = {isa = PBXBuildFile; fileRef = E250DE7819EE331B00BA07AC /* ConsoleScreen.swift */; };
		E250DE7D19EE331B00BA07AC /* MainScreen.swift in Sources */ = {isa = PBXBuildFile; fileRef = E250DE7919EE331B00BA07AC /* MainScreen.swift */; };
		E27314BF19F0CD630059E3BC /* TwoBoxAttachment.swift in Sources */ = {isa = PBXBuildFile; fileRef = E27314BD19F0CD630059E3BC /* TwoBoxAttachment.swift */; };
		E27314C019F0CD630059E3BC /* TwoBoxAttachment.xib in Resources */ = {isa = PBXBuildFile; fileRef = E27314BE19F0CD630059E3BC /* TwoBoxAttachment.xib */; };
		E27314C719F105EB0059E3BC /* AttachSpringGravity.swift in Sources */ = {isa = PBXBuildFile; fileRef = E27314C519F105EB0059E3BC /* AttachSpringGravity.swift */; };
		E27314C819F105EB0059E3BC /* AttachSpringGravity.xib in Resources */ = {isa = PBXBuildFile; fileRef = E27314C619F105EB0059E3BC /* AttachSpringGravity.xib */; };
		E27314CB19F10BC60059E3BC /* Snap.swift in Sources */ = {isa = PBXBuildFile; fileRef = E27314C919F10BC60059E3BC /* Snap.swift */; };
		E27314CC19F10BC60059E3BC /* Snap.xib in Resources */ = {isa = PBXBuildFile; fileRef = E27314CA19F10BC60059E3BC /* Snap.xib */; };
		E27314CE19F10D930059E3BC /* tom.jpg in Resources */ = {isa = PBXBuildFile; fileRef = E27314CD19F10D930059E3BC /* tom.jpg */; };
		E2F38A2A19EFD7C30021A329 /* LineView.swift in Sources */ = {isa = PBXBuildFile; fileRef = E2F38A2919EFD7C30021A329 /* LineView.swift */; };
/* End PBXBuildFile section */

/* Begin PBXContainerItemProxy section */
		8762F46A198CD41000278F3B /* PBXContainerItemProxy */ = {
			isa = PBXContainerItemProxy;
			containerPortal = 8762F44F198CD41000278F3B /* Project object */;
			proxyType = 1;
			remoteGlobalIDString = 8762F456198CD41000278F3B;
			remoteInfo = DynamicsKitDemo;
		};
/* End PBXContainerItemProxy section */

/* Begin PBXFileReference section */
		32593C7519FAA9E4006F476C /* point.wav */ = {isa = PBXFileReference; lastKnownFileType = audio.wav; path = point.wav; sourceTree = "<group>"; };
		32AE490619F6FE8100B8A4E4 /* image#4.png */ = {isa = PBXFileReference; lastKnownFileType = image.png; path = "image#4.png"; sourceTree = "<group>"; };
		32AE490719F6FE8100B8A4E4 /* image#5.png */ = {isa = PBXFileReference; lastKnownFileType = image.png; path = "image#5.png"; sourceTree = "<group>"; };
		32AE490819F6FE8100B8A4E4 /* image#6.png */ = {isa = PBXFileReference; lastKnownFileType = image.png; path = "image#6.png"; sourceTree = "<group>"; };
		32AE490919F6FE8100B8A4E4 /* image#7.png */ = {isa = PBXFileReference; lastKnownFileType = image.png; path = "image#7.png"; sourceTree = "<group>"; };
		32AE490A19F6FE8100B8A4E4 /* image#8.png */ = {isa = PBXFileReference; lastKnownFileType = image.png; path = "image#8.png"; sourceTree = "<group>"; };
		32AE490B19F6FE8100B8A4E4 /* image#9.png */ = {isa = PBXFileReference; lastKnownFileType = image.png; path = "image#9.png"; sourceTree = "<group>"; };
		32AE490C19F6FE8100B8A4E4 /* image#10.png */ = {isa = PBXFileReference; lastKnownFileType = image.png; path = "image#10.png"; sourceTree = "<group>"; };
		32AE490D19F6FE8100B8A4E4 /* image#0.png */ = {isa = PBXFileReference; lastKnownFileType = image.png; path = "image#0.png"; sourceTree = "<group>"; };
		32AE490E19F6FE8100B8A4E4 /* image#1.png */ = {isa = PBXFileReference; lastKnownFileType = image.png; path = "image#1.png"; sourceTree = "<group>"; };
		32AE490F19F6FE8100B8A4E4 /* image#2.png */ = {isa = PBXFileReference; lastKnownFileType = image.png; path = "image#2.png"; sourceTree = "<group>"; };
		32AE491019F6FE8100B8A4E4 /* image#3.png */ = {isa = PBXFileReference; lastKnownFileType = image.png; path = "image#3.png"; sourceTree = "<group>"; };
		32AE491C19F70BA000B8A4E4 /* CollisionGravity.swift */ = {isa = PBXFileReference; fileEncoding = 4; lastKnownFileType = sourcecode.swift; path = CollisionGravity.swift; sourceTree = "<group>"; };
		32AE491E19F7129E00B8A4E4 /* Attachments + Collision.swift */ = {isa = PBXFileReference; fileEncoding = 4; lastKnownFileType = sourcecode.swift; path = "Attachments + Collision.swift"; sourceTree = "<group>"; };
		32B6FAC319F6F87F002FC8B0 /* DemoGravity.swift */ = {isa = PBXFileReference; fileEncoding = 4; lastKnownFileType = sourcecode.swift; path = DemoGravity.swift; sourceTree = "<group>"; };
		32D1DDFA19F1464D00DEAA20 /* DemoPanGravity.swift */ = {isa = PBXFileReference; fileEncoding = 4; lastKnownFileType = sourcecode.swift; path = DemoPanGravity.swift; sourceTree = "<group>"; };
		32D1DDFD19F1480400DEAA20 /* bi0.png */ = {isa = PBXFileReference; lastKnownFileType = image.png; path = bi0.png; sourceTree = "<group>"; };
		8762F457198CD41000278F3B /* DynamicsKitDemo.app */ = {isa = PBXFileReference; explicitFileType = wrapper.application; includeInIndex = 0; path = DynamicsKitDemo.app; sourceTree = BUILT_PRODUCTS_DIR; };
		8762F45B198CD41000278F3B /* Info.plist */ = {isa = PBXFileReference; lastKnownFileType = text.plist.xml; path = Info.plist; sourceTree = "<group>"; };
		8762F45E198CD41000278F3B /* Gravity.swift */ = {isa = PBXFileReference; lastKnownFileType = sourcecode.swift; path = Gravity.swift; sourceTree = "<group>"; };
		8762F463198CD41000278F3B /* Images.xcassets */ = {isa = PBXFileReference; lastKnownFileType = folder.assetcatalog; path = Images.xcassets; sourceTree = "<group>"; };
		8762F469198CD41000278F3B /* DynamicsKitDemoTests.xctest */ = {isa = PBXFileReference; explicitFileType = wrapper.cfbundle; includeInIndex = 0; path = DynamicsKitDemoTests.xctest; sourceTree = BUILT_PRODUCTS_DIR; };
		8762F46E198CD41000278F3B /* Info.plist */ = {isa = PBXFileReference; lastKnownFileType = text.plist.xml; path = Info.plist; sourceTree = "<group>"; };
		8762F46F198CD41000278F3B /* DynamicsKitDemoTests.swift */ = {isa = PBXFileReference; lastKnownFileType = sourcecode.swift; path = DynamicsKitDemoTests.swift; sourceTree = "<group>"; };
		E20F689919EE6C89009417B8 /* SimpleGravity.swift */ = {isa = PBXFileReference; fileEncoding = 4; lastKnownFileType = sourcecode.swift; path = SimpleGravity.swift; sourceTree = "<group>"; };
		E20F689F19EE80D1009417B8 /* AttachmentCollision.swift */ = {isa = PBXFileReference; fileEncoding = 4; lastKnownFileType = sourcecode.swift; path = AttachmentCollision.swift; sourceTree = "<group>"; };
		E20F68A019EE80D1009417B8 /* AttachmentCollision.xib */ = {isa = PBXFileReference; fileEncoding = 4; lastKnownFileType = file.xib; path = AttachmentCollision.xib; sourceTree = "<group>"; };
		E250DE7619EE331B00BA07AC /* AppDelegate.swift */ = {isa = PBXFileReference; fileEncoding = 4; lastKnownFileType = sourcecode.swift; path = AppDelegate.swift; sourceTree = "<group>"; };
		E250DE7719EE331B00BA07AC /* BootLogic.swift */ = {isa = PBXFileReference; fileEncoding = 4; lastKnownFileType = sourcecode.swift; path = BootLogic.swift; sourceTree = "<group>"; };
		E250DE7819EE331B00BA07AC /* ConsoleScreen.swift */ = {isa = PBXFileReference; fileEncoding = 4; lastKnownFileType = sourcecode.swift; path = ConsoleScreen.swift; sourceTree = "<group>"; };
		E250DE7919EE331B00BA07AC /* MainScreen.swift */ = {isa = PBXFileReference; fileEncoding = 4; lastKnownFileType = sourcecode.swift; path = MainScreen.swift; sourceTree = "<group>"; };
		E27314BD19F0CD630059E3BC /* TwoBoxAttachment.swift */ = {isa = PBXFileReference; fileEncoding = 4; lastKnownFileType = sourcecode.swift; path = TwoBoxAttachment.swift; sourceTree = "<group>"; };
		E27314BE19F0CD630059E3BC /* TwoBoxAttachment.xib */ = {isa = PBXFileReference; fileEncoding = 4; lastKnownFileType = file.xib; path = TwoBoxAttachment.xib; sourceTree = "<group>"; };
		E27314C519F105EB0059E3BC /* AttachSpringGravity.swift */ = {isa = PBXFileReference; fileEncoding = 4; lastKnownFileType = sourcecode.swift; path = AttachSpringGravity.swift; sourceTree = "<group>"; };
		E27314C619F105EB0059E3BC /* AttachSpringGravity.xib */ = {isa = PBXFileReference; fileEncoding = 4; lastKnownFileType = file.xib; path = AttachSpringGravity.xib; sourceTree = "<group>"; };
		E27314C919F10BC60059E3BC /* Snap.swift */ = {isa = PBXFileReference; fileEncoding = 4; lastKnownFileType = sourcecode.swift; path = Snap.swift; sourceTree = "<group>"; };
		E27314CA19F10BC60059E3BC /* Snap.xib */ = {isa = PBXFileReference; fileEncoding = 4; lastKnownFileType = file.xib; path = Snap.xib; sourceTree = "<group>"; };
		E27314CD19F10D930059E3BC /* tom.jpg */ = {isa = PBXFileReference; lastKnownFileType = image.jpeg; path = tom.jpg; sourceTree = "<group>"; };
		E2F38A2919EFD7C30021A329 /* LineView.swift */ = {isa = PBXFileReference; fileEncoding = 4; lastKnownFileType = sourcecode.swift; path = LineView.swift; sourceTree = "<group>"; };
/* End PBXFileReference section */

/* Begin PBXFrameworksBuildPhase section */
		8762F454198CD41000278F3B /* Frameworks */ = {
			isa = PBXFrameworksBuildPhase;
			buildActionMask = 2147483647;
			files = (
			);
			runOnlyForDeploymentPostprocessing = 0;
		};
		8762F466198CD41000278F3B /* Frameworks */ = {
			isa = PBXFrameworksBuildPhase;
			buildActionMask = 2147483647;
			files = (
			);
			runOnlyForDeploymentPostprocessing = 0;
		};
/* End PBXFrameworksBuildPhase section */

/* Begin PBXGroup section */
		32593C7419FAA9D0006F476C /* Audio */ = {
			isa = PBXGroup;
			children = (
				32593C7519FAA9E4006F476C /* point.wav */,
			);
			name = Audio;
			sourceTree = "<group>";
		};
		32B6FAC219F6F78B002FC8B0 /* Convert */ = {
			isa = PBXGroup;
			children = (
				32B6FAC319F6F87F002FC8B0 /* DemoGravity.swift */,
				32AE491C19F70BA000B8A4E4 /* CollisionGravity.swift */,
			);
			name = Convert;
			sourceTree = "<group>";
		};
		32D1DDFC19F147C700DEAA20 /* image */ = {
			isa = PBXGroup;
			children = (
				32AE490619F6FE8100B8A4E4 /* image#4.png */,
				32AE490719F6FE8100B8A4E4 /* image#5.png */,
				32AE490819F6FE8100B8A4E4 /* image#6.png */,
				32AE490919F6FE8100B8A4E4 /* image#7.png */,
				32AE490A19F6FE8100B8A4E4 /* image#8.png */,
				32AE490B19F6FE8100B8A4E4 /* image#9.png */,
				32AE490C19F6FE8100B8A4E4 /* image#10.png */,
				32AE490D19F6FE8100B8A4E4 /* image#0.png */,
				32AE490E19F6FE8100B8A4E4 /* image#1.png */,
				32AE490F19F6FE8100B8A4E4 /* image#2.png */,
				32AE491019F6FE8100B8A4E4 /* image#3.png */,
				32D1DDFD19F1480400DEAA20 /* bi0.png */,
			);
			name = image;
			sourceTree = "<group>";
		};
		8762F44E198CD41000278F3B = {
			isa = PBXGroup;
			children = (
				8762F459198CD41000278F3B /* DynamicsKitDemo */,
				8762F46C198CD41000278F3B /* DynamicsKitDemoTests */,
				8762F458198CD41000278F3B /* Products */,
			);
			sourceTree = "<group>";
		};
		8762F458198CD41000278F3B /* Products */ = {
			isa = PBXGroup;
			children = (
				8762F457198CD41000278F3B /* DynamicsKitDemo.app */,
				8762F469198CD41000278F3B /* DynamicsKitDemoTests.xctest */,
			);
			name = Products;
			sourceTree = "<group>";
		};
		8762F459198CD41000278F3B /* DynamicsKitDemo */ = {
			isa = PBXGroup;
			children = (
				32593C7419FAA9D0006F476C /* Audio */,
				32D1DDFC19F147C700DEAA20 /* image */,
				E250DE7419EE32AE00BA07AC /* Core */,
				32B6FAC219F6F78B002FC8B0 /* Convert */,
				E250DE7519EE32B500BA07AC /* UIKitDynamic */,
				8762F463198CD41000278F3B /* Images.xcassets */,
				8762F45A198CD41000278F3B /* Supporting Files */,
			);
			path = DynamicsKitDemo;
			sourceTree = "<group>";
		};
		8762F45A198CD41000278F3B /* Supporting Files */ = {
			isa = PBXGroup;
			children = (
				8762F45B198CD41000278F3B /* Info.plist */,
			);
			name = "Supporting Files";
			sourceTree = "<group>";
		};
		8762F46C198CD41000278F3B /* DynamicsKitDemoTests */ = {
			isa = PBXGroup;
			children = (
				8762F46F198CD41000278F3B /* DynamicsKitDemoTests.swift */,
				8762F46D198CD41000278F3B /* Supporting Files */,
			);
			path = DynamicsKitDemoTests;
			sourceTree = "<group>";
		};
		8762F46D198CD41000278F3B /* Supporting Files */ = {
			isa = PBXGroup;
			children = (
				8762F46E198CD41000278F3B /* Info.plist */,
			);
			name = "Supporting Files";
			sourceTree = "<group>";
		};
		E250DE7419EE32AE00BA07AC /* Core */ = {
			isa = PBXGroup;
			children = (
				E250DE7619EE331B00BA07AC /* AppDelegate.swift */,
				E250DE7719EE331B00BA07AC /* BootLogic.swift */,
				E250DE7819EE331B00BA07AC /* ConsoleScreen.swift */,
				E250DE7919EE331B00BA07AC /* MainScreen.swift */,
			);
			name = Core;
			sourceTree = "<group>";
		};
		E250DE7519EE32B500BA07AC /* UIKitDynamic */ = {
			isa = PBXGroup;
			children = (
				32AE491E19F7129E00B8A4E4 /* Attachments + Collision.swift */,
				E20F689919EE6C89009417B8 /* SimpleGravity.swift */,
				32D1DDFA19F1464D00DEAA20 /* DemoPanGravity.swift */,
				8762F45E198CD41000278F3B /* Gravity.swift */,
				E20F689F19EE80D1009417B8 /* AttachmentCollision.swift */,
				E20F68A019EE80D1009417B8 /* AttachmentCollision.xib */,
				E2F38A2919EFD7C30021A329 /* LineView.swift */,
				E27314BD19F0CD630059E3BC /* TwoBoxAttachment.swift */,
				E27314BE19F0CD630059E3BC /* TwoBoxAttachment.xib */,
				E27314C519F105EB0059E3BC /* AttachSpringGravity.swift */,
				E27314C619F105EB0059E3BC /* AttachSpringGravity.xib */,
				E27314C919F10BC60059E3BC /* Snap.swift */,
				E27314CA19F10BC60059E3BC /* Snap.xib */,
				E27314CD19F10D930059E3BC /* tom.jpg */,
			);
			name = UIKitDynamic;
			sourceTree = "<group>";
		};
/* End PBXGroup section */

/* Begin PBXNativeTarget section */
		8762F456198CD41000278F3B /* DynamicsKitDemo */ = {
			isa = PBXNativeTarget;
			buildConfigurationList = 8762F473198CD41000278F3B /* Build configuration list for PBXNativeTarget "DynamicsKitDemo" */;
			buildPhases = (
				8762F453198CD41000278F3B /* Sources */,
				8762F454198CD41000278F3B /* Frameworks */,
				8762F455198CD41000278F3B /* Resources */,
			);
			buildRules = (
			);
			dependencies = (
			);
			name = DynamicsKitDemo;
			productName = DynamicsKitDemo;
			productReference = 8762F457198CD41000278F3B /* DynamicsKitDemo.app */;
			productType = "com.apple.product-type.application";
		};
		8762F468198CD41000278F3B /* DynamicsKitDemoTests */ = {
			isa = PBXNativeTarget;
			buildConfigurationList = 8762F476198CD41000278F3B /* Build configuration list for PBXNativeTarget "DynamicsKitDemoTests" */;
			buildPhases = (
				8762F465198CD41000278F3B /* Sources */,
				8762F466198CD41000278F3B /* Frameworks */,
				8762F467198CD41000278F3B /* Resources */,
			);
			buildRules = (
			);
			dependencies = (
				8762F46B198CD41000278F3B /* PBXTargetDependency */,
			);
			name = DynamicsKitDemoTests;
			productName = DynamicsKitDemoTests;
			productReference = 8762F469198CD41000278F3B /* DynamicsKitDemoTests.xctest */;
			productType = "com.apple.product-type.bundle.unit-test";
		};
/* End PBXNativeTarget section */

/* Begin PBXProject section */
		8762F44F198CD41000278F3B /* Project object */ = {
			isa = PBXProject;
			attributes = {
				LastUpgradeCheck = 0600;
				ORGANIZATIONNAME = vn.Techmsater;
				TargetAttributes = {
					8762F456198CD41000278F3B = {
						CreatedOnToolsVersion = 6.0;
					};
					8762F468198CD41000278F3B = {
						CreatedOnToolsVersion = 6.0;
						TestTargetID = 8762F456198CD41000278F3B;
					};
				};
			};
			buildConfigurationList = 8762F452198CD41000278F3B /* Build configuration list for PBXProject "DynamicsKitDemo" */;
			compatibilityVersion = "Xcode 3.2";
			developmentRegion = English;
			hasScannedForEncodings = 0;
			knownRegions = (
				en,
				Base,
			);
			mainGroup = 8762F44E198CD41000278F3B;
			productRefGroup = 8762F458198CD41000278F3B /* Products */;
			projectDirPath = "";
			projectRoot = "";
			targets = (
				8762F456198CD41000278F3B /* DynamicsKitDemo */,
				8762F468198CD41000278F3B /* DynamicsKitDemoTests */,
			);
		};
/* End PBXProject section */

/* Begin PBXResourcesBuildPhase section */
		8762F455198CD41000278F3B /* Resources */ = {
			isa = PBXResourcesBuildPhase;
			buildActionMask = 2147483647;
			files = (
				32AE491319F6FE8100B8A4E4 /* image#6.png in Resources */,
				32AE491119F6FE8100B8A4E4 /* image#4.png in Resources */,
				32AE491719F6FE8100B8A4E4 /* image#10.png in Resources */,
				E27314CE19F10D930059E3BC /* tom.jpg in Resources */,
				32AE491219F6FE8100B8A4E4 /* image#5.png in Resources */,
				32AE491919F6FE8100B8A4E4 /* image#1.png in Resources */,
				32AE491A19F6FE8100B8A4E4 /* image#2.png in Resources */,
				32AE491619F6FE8100B8A4E4 /* image#9.png in Resources */,
				E27314C019F0CD630059E3BC /* TwoBoxAttachment.xib in Resources */,
				32D1DDFE19F1480400DEAA20 /* bi0.png in Resources */,
				E27314CC19F10BC60059E3BC /* Snap.xib in Resources */,
				E20F68A219EE80D1009417B8 /* AttachmentCollision.xib in Resources */,
				32AE491519F6FE8100B8A4E4 /* image#8.png in Resources */,
				32593C7619FAA9E4006F476C /* point.wav in Resources */,
				32AE491819F6FE8100B8A4E4 /* image#0.png in Resources */,
				32AE491419F6FE8100B8A4E4 /* image#7.png in Resources */,
				E27314C819F105EB0059E3BC /* AttachSpringGravity.xib in Resources */,
				8762F464198CD41000278F3B /* Images.xcassets in Resources */,
				32AE491B19F6FE8100B8A4E4 /* image#3.png in Resources */,
			);
			runOnlyForDeploymentPostprocessing = 0;
		};
		8762F467198CD41000278F3B /* Resources */ = {
			isa = PBXResourcesBuildPhase;
			buildActionMask = 2147483647;
			files = (
			);
			runOnlyForDeploymentPostprocessing = 0;
		};
/* End PBXResourcesBuildPhase section */

/* Begin PBXSourcesBuildPhase section */
		8762F453198CD41000278F3B /* Sources */ = {
			isa = PBXSourcesBuildPhase;
			buildActionMask = 2147483647;
			files = (
				E250DE7A19EE331B00BA07AC /* AppDelegate.swift in Sources */,
				E250DE7C19EE331B00BA07AC /* ConsoleScreen.swift in Sources */,
				E20F689A19EE6C89009417B8 /* SimpleGravity.swift in Sources */,
				32AE491F19F7129E00B8A4E4 /* Attachments + Collision.swift in Sources */,
				32AE491D19F70BA000B8A4E4 /* CollisionGravity.swift in Sources */,
				E250DE7B19EE331B00BA07AC /* BootLogic.swift in Sources */,
				E2F38A2A19EFD7C30021A329 /* LineView.swift in Sources */,
				32B6FAC419F6F87F002FC8B0 /* DemoGravity.swift in Sources */,
				E20F68A119EE80D1009417B8 /* AttachmentCollision.swift in Sources */,
				E27314C719F105EB0059E3BC /* AttachSpringGravity.swift in Sources */,
				E250DE7D19EE331B00BA07AC /* MainScreen.swift in Sources */,
				E27314BF19F0CD630059E3BC /* TwoBoxAttachment.swift in Sources */,
				32D1DDFB19F1464D00DEAA20 /* DemoPanGravity.swift in Sources */,
				E27314CB19F10BC60059E3BC /* Snap.swift in Sources */,
				8762F45F198CD41000278F3B /* Gravity.swift in Sources */,
			);
			runOnlyForDeploymentPostprocessing = 0;
		};
		8762F465198CD41000278F3B /* Sources */ = {
			isa = PBXSourcesBuildPhase;
			buildActionMask = 2147483647;
			files = (
				8762F470198CD41000278F3B /* DynamicsKitDemoTests.swift in Sources */,
			);
			runOnlyForDeploymentPostprocessing = 0;
		};
/* End PBXSourcesBuildPhase section */

/* Begin PBXTargetDependency section */
		8762F46B198CD41000278F3B /* PBXTargetDependency */ = {
			isa = PBXTargetDependency;
			target = 8762F456198CD41000278F3B /* DynamicsKitDemo */;
			targetProxy = 8762F46A198CD41000278F3B /* PBXContainerItemProxy */;
		};
/* End PBXTargetDependency section */

/* Begin XCBuildConfiguration section */
		8762F471198CD41000278F3B /* Debug */ = {
			isa = XCBuildConfiguration;
			buildSettings = {
				ALWAYS_SEARCH_USER_PATHS = NO;
				CLANG_CXX_LANGUAGE_STANDARD = "gnu++0x";
				CLANG_CXX_LIBRARY = "libc++";
				CLANG_ENABLE_MODULES = YES;
				CLANG_ENABLE_OBJC_ARC = YES;
				CLANG_WARN_BOOL_CONVERSION = YES;
				CLANG_WARN_CONSTANT_CONVERSION = YES;
				CLANG_WARN_DIRECT_OBJC_ISA_USAGE = YES_ERROR;
				CLANG_WARN_EMPTY_BODY = YES;
				CLANG_WARN_ENUM_CONVERSION = YES;
				CLANG_WARN_INT_CONVERSION = YES;
				CLANG_WARN_OBJC_ROOT_CLASS = YES_ERROR;
				CLANG_WARN_UNREACHABLE_CODE = YES;
				CLANG_WARN__DUPLICATE_METHOD_MATCH = YES;
				"CODE_SIGN_IDENTITY[sdk=iphoneos*]" = "iPhone Developer";
				COPY_PHASE_STRIP = NO;
				ENABLE_STRICT_OBJC_MSGSEND = YES;
				GCC_C_LANGUAGE_STANDARD = gnu99;
				GCC_DYNAMIC_NO_PIC = NO;
				GCC_OPTIMIZATION_LEVEL = 0;
				GCC_PREPROCESSOR_DEFINITIONS = (
					"DEBUG=1",
					"$(inherited)",
				);
				GCC_SYMBOLS_PRIVATE_EXTERN = NO;
				GCC_WARN_64_TO_32_BIT_CONVERSION = YES;
				GCC_WARN_ABOUT_RETURN_TYPE = YES_ERROR;
				GCC_WARN_UNDECLARED_SELECTOR = YES;
				GCC_WARN_UNINITIALIZED_AUTOS = YES_AGGRESSIVE;
				GCC_WARN_UNUSED_FUNCTION = YES;
				GCC_WARN_UNUSED_VARIABLE = YES;
				IPHONEOS_DEPLOYMENT_TARGET = 8.0;
				MTL_ENABLE_DEBUG_INFO = YES;
				ONLY_ACTIVE_ARCH = YES;
				SDKROOT = iphoneos;
				SWIFT_OPTIMIZATION_LEVEL = "-Onone";
				TARGETED_DEVICE_FAMILY = "1,2";
			};
			name = Debug;
		};
		8762F472198CD41000278F3B /* Release */ = {
			isa = XCBuildConfiguration;
			buildSettings = {
				ALWAYS_SEARCH_USER_PATHS = NO;
				CLANG_CXX_LANGUAGE_STANDARD = "gnu++0x";
				CLANG_CXX_LIBRARY = "libc++";
				CLANG_ENABLE_MODULES = YES;
				CLANG_ENABLE_OBJC_ARC = YES;
				CLANG_WARN_BOOL_CONVERSION = YES;
				CLANG_WARN_CONSTANT_CONVERSION = YES;
				CLANG_WARN_DIRECT_OBJC_ISA_USAGE = YES_ERROR;
				CLANG_WARN_EMPTY_BODY = YES;
				CLANG_WARN_ENUM_CONVERSION = YES;
				CLANG_WARN_INT_CONVERSION = YES;
				CLANG_WARN_OBJC_ROOT_CLASS = YES_ERROR;
				CLANG_WARN_UNREACHABLE_CODE = YES;
				CLANG_WARN__DUPLICATE_METHOD_MATCH = YES;
				"CODE_SIGN_IDENTITY[sdk=iphoneos*]" = "iPhone Developer";
				COPY_PHASE_STRIP = YES;
				ENABLE_NS_ASSERTIONS = NO;
				ENABLE_STRICT_OBJC_MSGSEND = YES;
				GCC_C_LANGUAGE_STANDARD = gnu99;
				GCC_WARN_64_TO_32_BIT_CONVERSION = YES;
				GCC_WARN_ABOUT_RETURN_TYPE = YES_ERROR;
				GCC_WARN_UNDECLARED_SELECTOR = YES;
				GCC_WARN_UNINITIALIZED_AUTOS = YES_AGGRESSIVE;
				GCC_WARN_UNUSED_FUNCTION = YES;
				GCC_WARN_UNUSED_VARIABLE = YES;
				IPHONEOS_DEPLOYMENT_TARGET = 8.0;
				MTL_ENABLE_DEBUG_INFO = NO;
				SDKROOT = iphoneos;
				TARGETED_DEVICE_FAMILY = "1,2";
				VALIDATE_PRODUCT = YES;
			};
			name = Release;
		};
		8762F474198CD41000278F3B /* Debug */ = {
			isa = XCBuildConfiguration;
			buildSettings = {
				ASSETCATALOG_COMPILER_APPICON_NAME = AppIcon;
				ASSETCATALOG_COMPILER_LAUNCHIMAGE_NAME = LaunchImage;
				INFOPLIST_FILE = DynamicsKitDemo/Info.plist;
				LD_RUNPATH_SEARCH_PATHS = "$(inherited) @executable_path/Frameworks";
				PRODUCT_NAME = "$(TARGET_NAME)";
				TARGETED_DEVICE_FAMILY = 1;
			};
			name = Debug;
		};
		8762F475198CD41000278F3B /* Release */ = {
			isa = XCBuildConfiguration;
			buildSettings = {
				ASSETCATALOG_COMPILER_APPICON_NAME = AppIcon;
				ASSETCATALOG_COMPILER_LAUNCHIMAGE_NAME = LaunchImage;
				INFOPLIST_FILE = DynamicsKitDemo/Info.plist;
				LD_RUNPATH_SEARCH_PATHS = "$(inherited) @executable_path/Frameworks";
				PRODUCT_NAME = "$(TARGET_NAME)";
				TARGETED_DEVICE_FAMILY = 1;
			};
			name = Release;
		};
		8762F477198CD41000278F3B /* Debug */ = {
			isa = XCBuildConfiguration;
			buildSettings = {
				BUNDLE_LOADER = "$(BUILT_PRODUCTS_DIR)/DynamicsKitDemo.app/DynamicsKitDemo";
				FRAMEWORK_SEARCH_PATHS = (
					"$(SDKROOT)/Developer/Library/Frameworks",
					"$(inherited)",
				);
				GCC_PREPROCESSOR_DEFINITIONS = (
					"DEBUG=1",
					"$(inherited)",
				);
				INFOPLIST_FILE = DynamicsKitDemoTests/Info.plist;
				LD_RUNPATH_SEARCH_PATHS = "$(inherited) @executable_path/Frameworks @loader_path/Frameworks";
				PRODUCT_NAME = "$(TARGET_NAME)";
				TEST_HOST = "$(BUNDLE_LOADER)";
			};
			name = Debug;
		};
		8762F478198CD41000278F3B /* Release */ = {
			isa = XCBuildConfiguration;
			buildSettings = {
				BUNDLE_LOADER = "$(BUILT_PRODUCTS_DIR)/DynamicsKitDemo.app/DynamicsKitDemo";
				FRAMEWORK_SEARCH_PATHS = (
					"$(SDKROOT)/Developer/Library/Frameworks",
					"$(inherited)",
				);
				INFOPLIST_FILE = DynamicsKitDemoTests/Info.plist;
				LD_RUNPATH_SEARCH_PATHS = "$(inherited) @executable_path/Frameworks @loader_path/Frameworks";
				PRODUCT_NAME = "$(TARGET_NAME)";
				TEST_HOST = "$(BUNDLE_LOADER)";
			};
			name = Release;
		};
/* End XCBuildConfiguration section */

/* Begin XCConfigurationList section */
		8762F452198CD41000278F3B /* Build configuration list for PBXProject "DynamicsKitDemo" */ = {
			isa = XCConfigurationList;
			buildConfigurations = (
				8762F471198CD41000278F3B /* Debug */,
				8762F472198CD41000278F3B /* Release */,
			);
			defaultConfigurationIsVisible = 0;
			defaultConfigurationName = Release;
		};
		8762F473198CD41000278F3B /* Build configuration list for PBXNativeTarget "DynamicsKitDemo" */ = {
			isa = XCConfigurationList;
			buildConfigurations = (
				8762F474198CD41000278F3B /* Debug */,
				8762F475198CD41000278F3B /* Release */,
			);
			defaultConfigurationIsVisible = 0;
			defaultConfigurationName = Release;
		};
		8762F476198CD41000278F3B /* Build configuration list for PBXNativeTarget "DynamicsKitDemoTests" */ = {
			isa = XCConfigurationList;
			buildConfigurations = (
				8762F477198CD41000278F3B /* Debug */,
				8762F478198CD41000278F3B /* Release */,
			);
			defaultConfigurationIsVisible = 0;
			defaultConfigurationName = Release;
		};
/* End XCConfigurationList section */
	};
	rootObject = 8762F44F198CD41000278F3B /* Project object */;
}
