// !$*UTF8*$!
{
	archiveVersion = 1;
	classes = {
	};
	objectVersion = 46;
	objects = {

/* Begin PBXBuildFile section */
		3237331119B5FAB10046D184 /* Capsonhan.swift in Sources */ = {isa = PBXBuildFile; fileRef = 3237331019B5FAB10046D184 /* Capsonhan.swift */; };
		3237331319B603210046D184 /* Fibonacy.swift in Sources */ = {isa = PBXBuildFile; fileRef = 3237331219B603210046D184 /* Fibonacy.swift */; };
		32DD525419B4A90400C3EA15 /* AppDelegate.swift in Sources */ = {isa = PBXBuildFile; fileRef = 32DD525319B4A90400C3EA15 /* AppDelegate.swift */; };
		32DD525619B4A90400C3EA15 /* ViewController.swift in Sources */ = {isa = PBXBuildFile; fileRef = 32DD525519B4A90400C3EA15 /* ViewController.swift */; };
		32DD525919B4A90400C3EA15 /* Main.storyboard in Resources */ = {isa = PBXBuildFile; fileRef = 32DD525719B4A90400C3EA15 /* Main.storyboard */; };
		32DD525B19B4A90400C3EA15 /* Images.xcassets in Resources */ = {isa = PBXBuildFile; fileRef = 32DD525A19B4A90400C3EA15 /* Images.xcassets */; };
		32DD526719B4A90500C3EA15 /* MultiAppsTests.swift in Sources */ = {isa = PBXBuildFile; fileRef = 32DD526619B4A90500C3EA15 /* MultiAppsTests.swift */; };
		32DD527419B4AC2200C3EA15 /* GiaiPTB2ViewController.swift in Sources */ = {isa = PBXBuildFile; fileRef = 32DD527319B4AC2200C3EA15 /* GiaiPTB2ViewController.swift */; };
/* End PBXBuildFile section */

/* Begin PBXContainerItemProxy section */
		32DD526119B4A90500C3EA15 /* PBXContainerItemProxy */ = {
			isa = PBXContainerItemProxy;
			containerPortal = 32DD524619B4A90400C3EA15 /* Project object */;
			proxyType = 1;
			remoteGlobalIDString = 32DD524D19B4A90400C3EA15;
			remoteInfo = MultiApps;
		};
/* End PBXContainerItemProxy section */

/* Begin PBXFileReference section */
		3237331019B5FAB10046D184 /* Capsonhan.swift */ = {isa = PBXFileReference; fileEncoding = 4; lastKnownFileType = sourcecode.swift; path = Capsonhan.swift; sourceTree = "<group>"; };
		3237331219B603210046D184 /* Fibonacy.swift */ = {isa = PBXFileReference; fileEncoding = 4; lastKnownFileType = sourcecode.swift; path = Fibonacy.swift; sourceTree = "<group>"; };
		32DD524E19B4A90400C3EA15 /* MultiApps.app */ = {isa = PBXFileReference; explicitFileType = wrapper.application; includeInIndex = 0; path = MultiApps.app; sourceTree = BUILT_PRODUCTS_DIR; };
		32DD525219B4A90400C3EA15 /* Info.plist */ = {isa = PBXFileReference; lastKnownFileType = text.plist.xml; path = Info.plist; sourceTree = "<group>"; };
		32DD525319B4A90400C3EA15 /* AppDelegate.swift */ = {isa = PBXFileReference; lastKnownFileType = sourcecode.swift; path = AppDelegate.swift; sourceTree = "<group>"; };
		32DD525519B4A90400C3EA15 /* ViewController.swift */ = {isa = PBXFileReference; lastKnownFileType = sourcecode.swift; path = ViewController.swift; sourceTree = "<group>"; };
		32DD525819B4A90400C3EA15 /* Base */ = {isa = PBXFileReference; lastKnownFileType = file.storyboard; name = Base; path = Base.lproj/Main.storyboard; sourceTree = "<group>"; };
		32DD525A19B4A90400C3EA15 /* Images.xcassets */ = {isa = PBXFileReference; lastKnownFileType = folder.assetcatalog; path = Images.xcassets; sourceTree = "<group>"; };
		32DD526019B4A90500C3EA15 /* MultiAppsTests.xctest */ = {isa = PBXFileReference; explicitFileType = wrapper.cfbundle; includeInIndex = 0; path = MultiAppsTests.xctest; sourceTree = BUILT_PRODUCTS_DIR; };
		32DD526519B4A90500C3EA15 /* Info.plist */ = {isa = PBXFileReference; lastKnownFileType = text.plist.xml; path = Info.plist; sourceTree = "<group>"; };
		32DD526619B4A90500C3EA15 /* MultiAppsTests.swift */ = {isa = PBXFileReference; lastKnownFileType = sourcecode.swift; path = MultiAppsTests.swift; sourceTree = "<group>"; };
		32DD527319B4AC2200C3EA15 /* GiaiPTB2ViewController.swift */ = {isa = PBXFileReference; fileEncoding = 4; lastKnownFileType = sourcecode.swift; path = GiaiPTB2ViewController.swift; sourceTree = "<group>"; };
/* End PBXFileReference section */

/* Begin PBXFrameworksBuildPhase section */
		32DD524B19B4A90400C3EA15 /* Frameworks */ = {
			isa = PBXFrameworksBuildPhase;
			buildActionMask = 2147483647;
			files = (
			);
			runOnlyForDeploymentPostprocessing = 0;
		};
		32DD525D19B4A90500C3EA15 /* Frameworks */ = {
			isa = PBXFrameworksBuildPhase;
			buildActionMask = 2147483647;
			files = (
			);
			runOnlyForDeploymentPostprocessing = 0;
		};
/* End PBXFrameworksBuildPhase section */

/* Begin PBXGroup section */
		32DD524519B4A90400C3EA15 = {
			isa = PBXGroup;
			children = (
				32DD525019B4A90400C3EA15 /* MultiApps */,
				32DD526319B4A90500C3EA15 /* MultiAppsTests */,
				32DD524F19B4A90400C3EA15 /* Products */,
			);
			sourceTree = "<group>";
		};
		32DD524F19B4A90400C3EA15 /* Products */ = {
			isa = PBXGroup;
			children = (
				32DD524E19B4A90400C3EA15 /* MultiApps.app */,
				32DD526019B4A90500C3EA15 /* MultiAppsTests.xctest */,
			);
			name = Products;
			sourceTree = "<group>";
		};
		32DD525019B4A90400C3EA15 /* MultiApps */ = {
			isa = PBXGroup;
			children = (
				32DD525319B4A90400C3EA15 /* AppDelegate.swift */,
				32DD525519B4A90400C3EA15 /* ViewController.swift */,
				32DD525719B4A90400C3EA15 /* Main.storyboard */,
				32DD525A19B4A90400C3EA15 /* Images.xcassets */,
				32DD527019B4AB7900C3EA15 /* ViewControler */,
				32DD525119B4A90400C3EA15 /* Supporting Files */,
			);
			path = MultiApps;
			sourceTree = "<group>";
		};
		32DD525119B4A90400C3EA15 /* Supporting Files */ = {
			isa = PBXGroup;
			children = (
				32DD525219B4A90400C3EA15 /* Info.plist */,
			);
			name = "Supporting Files";
			sourceTree = "<group>";
		};
		32DD526319B4A90500C3EA15 /* MultiAppsTests */ = {
			isa = PBXGroup;
			children = (
				32DD526619B4A90500C3EA15 /* MultiAppsTests.swift */,
				32DD526419B4A90500C3EA15 /* Supporting Files */,
			);
			path = MultiAppsTests;
			sourceTree = "<group>";
		};
		32DD526419B4A90500C3EA15 /* Supporting Files */ = {
			isa = PBXGroup;
			children = (
				32DD526519B4A90500C3EA15 /* Info.plist */,
			);
			name = "Supporting Files";
			sourceTree = "<group>";
		};
		32DD527019B4AB7900C3EA15 /* ViewControler */ = {
			isa = PBXGroup;
			children = (
				32DD527319B4AC2200C3EA15 /* GiaiPTB2ViewController.swift */,
				3237331019B5FAB10046D184 /* Capsonhan.swift */,
				3237331219B603210046D184 /* Fibonacy.swift */,
			);
			name = ViewControler;
			sourceTree = "<group>";
		};
/* End PBXGroup section */

/* Begin PBXNativeTarget section */
		32DD524D19B4A90400C3EA15 /* MultiApps */ = {
			isa = PBXNativeTarget;
			buildConfigurationList = 32DD526A19B4A90500C3EA15 /* Build configuration list for PBXNativeTarget "MultiApps" */;
			buildPhases = (
				32DD524A19B4A90400C3EA15 /* Sources */,
				32DD524B19B4A90400C3EA15 /* Frameworks */,
				32DD524C19B4A90400C3EA15 /* Resources */,
			);
			buildRules = (
			);
			dependencies = (
			);
			name = MultiApps;
			productName = MultiApps;
			productReference = 32DD524E19B4A90400C3EA15 /* MultiApps.app */;
			productType = "com.apple.product-type.application";
		};
		32DD525F19B4A90500C3EA15 /* MultiAppsTests */ = {
			isa = PBXNativeTarget;
			buildConfigurationList = 32DD526D19B4A90500C3EA15 /* Build configuration list for PBXNativeTarget "MultiAppsTests" */;
			buildPhases = (
				32DD525C19B4A90500C3EA15 /* Sources */,
				32DD525D19B4A90500C3EA15 /* Frameworks */,
				32DD525E19B4A90500C3EA15 /* Resources */,
			);
			buildRules = (
			);
			dependencies = (
				32DD526219B4A90500C3EA15 /* PBXTargetDependency */,
			);
			name = MultiAppsTests;
			productName = MultiAppsTests;
			productReference = 32DD526019B4A90500C3EA15 /* MultiAppsTests.xctest */;
			productType = "com.apple.product-type.bundle.unit-test";
		};
/* End PBXNativeTarget section */

/* Begin PBXProject section */
		32DD524619B4A90400C3EA15 /* Project object */ = {
			isa = PBXProject;
			attributes = {
				LastUpgradeCheck = 0600;
				ORGANIZATIONNAME = mhtran;
				TargetAttributes = {
					32DD524D19B4A90400C3EA15 = {
						CreatedOnToolsVersion = 6.0;
					};
					32DD525F19B4A90500C3EA15 = {
						CreatedOnToolsVersion = 6.0;
						TestTargetID = 32DD524D19B4A90400C3EA15;
					};
				};
			};
			buildConfigurationList = 32DD524919B4A90400C3EA15 /* Build configuration list for PBXProject "MultiApps" */;
			compatibilityVersion = "Xcode 3.2";
			developmentRegion = English;
			hasScannedForEncodings = 0;
			knownRegions = (
				en,
				Base,
			);
			mainGroup = 32DD524519B4A90400C3EA15;
			productRefGroup = 32DD524F19B4A90400C3EA15 /* Products */;
			projectDirPath = "";
			projectRoot = "";
			targets = (
				32DD524D19B4A90400C3EA15 /* MultiApps */,
				32DD525F19B4A90500C3EA15 /* MultiAppsTests */,
			);
		};
/* End PBXProject section */

/* Begin PBXResourcesBuildPhase section */
		32DD524C19B4A90400C3EA15 /* Resources */ = {
			isa = PBXResourcesBuildPhase;
			buildActionMask = 2147483647;
			files = (
				32DD525919B4A90400C3EA15 /* Main.storyboard in Resources */,
				32DD525B19B4A90400C3EA15 /* Images.xcassets in Resources */,
			);
			runOnlyForDeploymentPostprocessing = 0;
		};
		32DD525E19B4A90500C3EA15 /* Resources */ = {
			isa = PBXResourcesBuildPhase;
			buildActionMask = 2147483647;
			files = (
			);
			runOnlyForDeploymentPostprocessing = 0;
		};
/* End PBXResourcesBuildPhase section */

/* Begin PBXSourcesBuildPhase section */
		32DD524A19B4A90400C3EA15 /* Sources */ = {
			isa = PBXSourcesBuildPhase;
			buildActionMask = 2147483647;
			files = (
				32DD527419B4AC2200C3EA15 /* GiaiPTB2ViewController.swift in Sources */,
				3237331319B603210046D184 /* Fibonacy.swift in Sources */,
				3237331119B5FAB10046D184 /* Capsonhan.swift in Sources */,
				32DD525619B4A90400C3EA15 /* ViewController.swift in Sources */,
				32DD525419B4A90400C3EA15 /* AppDelegate.swift in Sources */,
			);
			runOnlyForDeploymentPostprocessing = 0;
		};
		32DD525C19B4A90500C3EA15 /* Sources */ = {
			isa = PBXSourcesBuildPhase;
			buildActionMask = 2147483647;
			files = (
				32DD526719B4A90500C3EA15 /* MultiAppsTests.swift in Sources */,
			);
			runOnlyForDeploymentPostprocessing = 0;
		};
/* End PBXSourcesBuildPhase section */

/* Begin PBXTargetDependency section */
		32DD526219B4A90500C3EA15 /* PBXTargetDependency */ = {
			isa = PBXTargetDependency;
			target = 32DD524D19B4A90400C3EA15 /* MultiApps */;
			targetProxy = 32DD526119B4A90500C3EA15 /* PBXContainerItemProxy */;
		};
/* End PBXTargetDependency section */

/* Begin PBXVariantGroup section */
		32DD525719B4A90400C3EA15 /* Main.storyboard */ = {
			isa = PBXVariantGroup;
			children = (
				32DD525819B4A90400C3EA15 /* Base */,
			);
			name = Main.storyboard;
			sourceTree = "<group>";
		};
/* End PBXVariantGroup section */

/* Begin XCBuildConfiguration section */
		32DD526819B4A90500C3EA15 /* Debug */ = {
			isa = XCBuildConfiguration;
			buildSettings = {
				ALWAYS_SEARCH_USER_PATHS = NO;
				CLANG_CXX_LANGUAGE_STANDARD = "gnu++0x";
				CLANG_CXX_LIBRARY = "libc++";
				CLANG_ENABLE_MODULES = YES;
				CLANG_ENABLE_OBJC_ARC = YES;
				CLANG_WARN_BOOL_CONVERSION = YES;
				CLANG_WARN_CONSTANT_CONVERSION = YES;
				CLANG_WARN_DIRECT_OBJC_ISA_USAGE = YES_ERROR;
				CLANG_WARN_EMPTY_BODY = YES;
				CLANG_WARN_ENUM_CONVERSION = YES;
				CLANG_WARN_INT_CONVERSION = YES;
				CLANG_WARN_OBJC_ROOT_CLASS = YES_ERROR;
				CLANG_WARN_UNREACHABLE_CODE = YES;
				CLANG_WARN__DUPLICATE_METHOD_MATCH = YES;
				"CODE_SIGN_IDENTITY[sdk=iphoneos*]" = "iPhone Developer";
				COPY_PHASE_STRIP = NO;
				ENABLE_STRICT_OBJC_MSGSEND = YES;
				GCC_C_LANGUAGE_STANDARD = gnu99;
				GCC_DYNAMIC_NO_PIC = NO;
				GCC_OPTIMIZATION_LEVEL = 0;
				GCC_PREPROCESSOR_DEFINITIONS = (
					"DEBUG=1",
					"$(inherited)",
				);
				GCC_SYMBOLS_PRIVATE_EXTERN = NO;
				GCC_WARN_64_TO_32_BIT_CONVERSION = YES;
				GCC_WARN_ABOUT_RETURN_TYPE = YES_ERROR;
				GCC_WARN_UNDECLARED_SELECTOR = YES;
				GCC_WARN_UNINITIALIZED_AUTOS = YES_AGGRESSIVE;
				GCC_WARN_UNUSED_FUNCTION = YES;
				GCC_WARN_UNUSED_VARIABLE = YES;
				IPHONEOS_DEPLOYMENT_TARGET = 8.0;
				MTL_ENABLE_DEBUG_INFO = YES;
				ONLY_ACTIVE_ARCH = YES;
				SDKROOT = iphoneos;
				SWIFT_OPTIMIZATION_LEVEL = "-Onone";
			};
			name = Debug;
		};
		32DD526919B4A90500C3EA15 /* Release */ = {
			isa = XCBuildConfiguration;
			buildSettings = {
				ALWAYS_SEARCH_USER_PATHS = NO;
				CLANG_CXX_LANGUAGE_STANDARD = "gnu++0x";
				CLANG_CXX_LIBRARY = "libc++";
				CLANG_ENABLE_MODULES = YES;
				CLANG_ENABLE_OBJC_ARC = YES;
				CLANG_WARN_BOOL_CONVERSION = YES;
				CLANG_WARN_CONSTANT_CONVERSION = YES;
				CLANG_WARN_DIRECT_OBJC_ISA_USAGE = YES_ERROR;
				CLANG_WARN_EMPTY_BODY = YES;
				CLANG_WARN_ENUM_CONVERSION = YES;
				CLANG_WARN_INT_CONVERSION = YES;
				CLANG_WARN_OBJC_ROOT_CLASS = YES_ERROR;
				CLANG_WARN_UNREACHABLE_CODE = YES;
				CLANG_WARN__DUPLICATE_METHOD_MATCH = YES;
				"CODE_SIGN_IDENTITY[sdk=iphoneos*]" = "iPhone Developer";
				COPY_PHASE_STRIP = YES;
				ENABLE_NS_ASSERTIONS = NO;
				ENABLE_STRICT_OBJC_MSGSEND = YES;
				GCC_C_LANGUAGE_STANDARD = gnu99;
				GCC_WARN_64_TO_32_BIT_CONVERSION = YES;
				GCC_WARN_ABOUT_RETURN_TYPE = YES_ERROR;
				GCC_WARN_UNDECLARED_SELECTOR = YES;
				GCC_WARN_UNINITIALIZED_AUTOS = YES_AGGRESSIVE;
				GCC_WARN_UNUSED_FUNCTION = YES;
				GCC_WARN_UNUSED_VARIABLE = YES;
				IPHONEOS_DEPLOYMENT_TARGET = 8.0;
				MTL_ENABLE_DEBUG_INFO = NO;
				SDKROOT = iphoneos;
				VALIDATE_PRODUCT = YES;
			};
			name = Release;
		};
		32DD526B19B4A90500C3EA15 /* Debug */ = {
			isa = XCBuildConfiguration;
			buildSettings = {
				ASSETCATALOG_COMPILER_APPICON_NAME = AppIcon;
				ASSETCATALOG_COMPILER_LAUNCHIMAGE_NAME = LaunchImage;
				INFOPLIST_FILE = MultiApps/Info.plist;
				LD_RUNPATH_SEARCH_PATHS = "$(inherited) @executable_path/Frameworks";
				PRODUCT_NAME = "$(TARGET_NAME)";
			};
			name = Debug;
		};
		32DD526C19B4A90500C3EA15 /* Release */ = {
			isa = XCBuildConfiguration;
			buildSettings = {
				ASSETCATALOG_COMPILER_APPICON_NAME = AppIcon;
				ASSETCATALOG_COMPILER_LAUNCHIMAGE_NAME = LaunchImage;
				INFOPLIST_FILE = MultiApps/Info.plist;
				LD_RUNPATH_SEARCH_PATHS = "$(inherited) @executable_path/Frameworks";
				PRODUCT_NAME = "$(TARGET_NAME)";
			};
			name = Release;
		};
		32DD526E19B4A90500C3EA15 /* Debug */ = {
			isa = XCBuildConfiguration;
			buildSettings = {
				BUNDLE_LOADER = "$(TEST_HOST)";
				FRAMEWORK_SEARCH_PATHS = (
					"$(SDKROOT)/Developer/Library/Frameworks",
					"$(inherited)",
				);
				GCC_PREPROCESSOR_DEFINITIONS = (
					"DEBUG=1",
					"$(inherited)",
				);
				INFOPLIST_FILE = MultiAppsTests/Info.plist;
				LD_RUNPATH_SEARCH_PATHS = "$(inherited) @executable_path/Frameworks @loader_path/Frameworks";
				PRODUCT_NAME = "$(TARGET_NAME)";
				TEST_HOST = "$(BUILT_PRODUCTS_DIR)/MultiApps.app/MultiApps";
			};
			name = Debug;
		};
		32DD526F19B4A90500C3EA15 /* Release */ = {
			isa = XCBuildConfiguration;
			buildSettings = {
				BUNDLE_LOADER = "$(TEST_HOST)";
				FRAMEWORK_SEARCH_PATHS = (
					"$(SDKROOT)/Developer/Library/Frameworks",
					"$(inherited)",
				);
				INFOPLIST_FILE = MultiAppsTests/Info.plist;
				LD_RUNPATH_SEARCH_PATHS = "$(inherited) @executable_path/Frameworks @loader_path/Frameworks";
				PRODUCT_NAME = "$(TARGET_NAME)";
				TEST_HOST = "$(BUILT_PRODUCTS_DIR)/MultiApps.app/MultiApps";
			};
			name = Release;
		};
/* End XCBuildConfiguration section */

/* Begin XCConfigurationList section */
		32DD524919B4A90400C3EA15 /* Build configuration list for PBXProject "MultiApps" */ = {
			isa = XCConfigurationList;
			buildConfigurations = (
				32DD526819B4A90500C3EA15 /* Debug */,
				32DD526919B4A90500C3EA15 /* Release */,
			);
			defaultConfigurationIsVisible = 0;
			defaultConfigurationName = Release;
		};
		32DD526A19B4A90500C3EA15 /* Build configuration list for PBXNativeTarget "MultiApps" */ = {
			isa = XCConfigurationList;
			buildConfigurations = (
				32DD526B19B4A90500C3EA15 /* Debug */,
				32DD526C19B4A90500C3EA15 /* Release */,
			);
			defaultConfigurationIsVisible = 0;
			defaultConfigurationName = Release;
		};
		32DD526D19B4A90500C3EA15 /* Build configuration list for PBXNativeTarget "MultiAppsTests" */ = {
			isa = XCConfigurationList;
			buildConfigurations = (
				32DD526E19B4A90500C3EA15 /* Debug */,
				32DD526F19B4A90500C3EA15 /* Release */,
			);
			defaultConfigurationIsVisible = 0;
			defaultConfigurationName = Release;
		};
/* End XCConfigurationList section */
	};
	rootObject = 32DD524619B4A90400C3EA15 /* Project object */;
}
